// !$*UTF8*$!
{
	archiveVersion = 1;
	classes = {
	};
	objectVersion = 50;
	objects = {

/* Begin PBXBuildFile section */
		B796FD7E232D46290024BB06 /* AppDelegate.swift in Sources */ = {isa = PBXBuildFile; fileRef = B796FD7D232D46290024BB06 /* AppDelegate.swift */; };
		B796FD80232D46290024BB06 /* ViewController.swift in Sources */ = {isa = PBXBuildFile; fileRef = B796FD7F232D46290024BB06 /* ViewController.swift */; };
		B796FD83232D46290024BB06 /* Main.storyboard in Resources */ = {isa = PBXBuildFile; fileRef = B796FD81232D46290024BB06 /* Main.storyboard */; };
		B796FD85232D462A0024BB06 /* Assets.xcassets in Resources */ = {isa = PBXBuildFile; fileRef = B796FD84232D462A0024BB06 /* Assets.xcassets */; };
		B796FD88232D462A0024BB06 /* LaunchScreen.storyboard in Resources */ = {isa = PBXBuildFile; fileRef = B796FD86232D462A0024BB06 /* LaunchScreen.storyboard */; };
		B796FDA1232D48D50024BB06 /* NetworkDebugSchema.swift in Sources */ = {isa = PBXBuildFile; fileRef = B796FD9E232D48D50024BB06 /* NetworkDebugSchema.swift */; };
		B796FDA2232D48D50024BB06 /* Info.plist in Resources */ = {isa = PBXBuildFile; fileRef = B796FD9F232D48D50024BB06 /* Info.plist */; };
		B7E6FA0D232D5DDE00450254 /* NetworkDebugMenuDataSource.swift in Sources */ = {isa = PBXBuildFile; fileRef = B7E6FA0B232D5DDE00450254 /* NetworkDebugMenuDataSource.swift */; };
		B7E6FA0E232D5DDE00450254 /* NetworkDebugMenuViewController.swift in Sources */ = {isa = PBXBuildFile; fileRef = B7E6FA0C232D5DDE00450254 /* NetworkDebugMenuViewController.swift */; };
/* End PBXBuildFile section */

/* Begin PBXFileReference section */
		B796FD7A232D46290024BB06 /* Demo.app */ = {isa = PBXFileReference; explicitFileType = wrapper.application; includeInIndex = 0; path = Demo.app; sourceTree = BUILT_PRODUCTS_DIR; };
		B796FD7D232D46290024BB06 /* AppDelegate.swift */ = {isa = PBXFileReference; lastKnownFileType = sourcecode.swift; path = AppDelegate.swift; sourceTree = "<group>"; };
		B796FD7F232D46290024BB06 /* ViewController.swift */ = {isa = PBXFileReference; lastKnownFileType = sourcecode.swift; path = ViewController.swift; sourceTree = "<group>"; };
		B796FD82232D46290024BB06 /* Base */ = {isa = PBXFileReference; lastKnownFileType = file.storyboard; name = Base; path = Base.lproj/Main.storyboard; sourceTree = "<group>"; };
		B796FD84232D462A0024BB06 /* Assets.xcassets */ = {isa = PBXFileReference; lastKnownFileType = folder.assetcatalog; path = Assets.xcassets; sourceTree = "<group>"; };
		B796FD87232D462A0024BB06 /* Base */ = {isa = PBXFileReference; lastKnownFileType = file.storyboard; name = Base; path = Base.lproj/LaunchScreen.storyboard; sourceTree = "<group>"; };
		B796FD89232D462A0024BB06 /* Info.plist */ = {isa = PBXFileReference; lastKnownFileType = text.plist.xml; path = Info.plist; sourceTree = "<group>"; };
		B796FD9E232D48D50024BB06 /* NetworkDebugSchema.swift */ = {isa = PBXFileReference; fileEncoding = 4; lastKnownFileType = sourcecode.swift; name = NetworkDebugSchema.swift; path = ../Sources/NetworkDebugSchema.swift; sourceTree = "<group>"; };
		B796FD9F232D48D50024BB06 /* Info.plist */ = {isa = PBXFileReference; fileEncoding = 4; lastKnownFileType = text.plist.xml; name = Info.plist; path = ../Sources/Info.plist; sourceTree = "<group>"; };
		B796FDA0232D48D50024BB06 /* NetworkDebuggingTool.h */ = {isa = PBXFileReference; fileEncoding = 4; lastKnownFileType = sourcecode.c.h; name = NetworkDebuggingTool.h; path = ../Sources/NetworkDebuggingTool.h; sourceTree = "<group>"; };
		B7E6FA0B232D5DDE00450254 /* NetworkDebugMenuDataSource.swift */ = {isa = PBXFileReference; fileEncoding = 4; lastKnownFileType = sourcecode.swift; name = NetworkDebugMenuDataSource.swift; path = ../Sources/NetworkDebugMenuDataSource.swift; sourceTree = "<group>"; };
		B7E6FA0C232D5DDE00450254 /* NetworkDebugMenuViewController.swift */ = {isa = PBXFileReference; fileEncoding = 4; lastKnownFileType = sourcecode.swift; name = NetworkDebugMenuViewController.swift; path = ../Sources/NetworkDebugMenuViewController.swift; sourceTree = "<group>"; };
/* End PBXFileReference section */

/* Begin PBXFrameworksBuildPhase section */
		B796FD77232D46290024BB06 /* Frameworks */ = {
			isa = PBXFrameworksBuildPhase;
			buildActionMask = 2147483647;
			files = (
			);
			runOnlyForDeploymentPostprocessing = 0;
		};
/* End PBXFrameworksBuildPhase section */

/* Begin PBXGroup section */
		B796FD71232D46290024BB06 = {
			isa = PBXGroup;
			children = (
				B796FD97232D48120024BB06 /* Sources */,
				B796FD7C232D46290024BB06 /* Demo */,
				B796FD7B232D46290024BB06 /* Products */,
			);
			sourceTree = "<group>";
		};
		B796FD7B232D46290024BB06 /* Products */ = {
			isa = PBXGroup;
			children = (
				B796FD7A232D46290024BB06 /* Demo.app */,
			);
			name = Products;
			sourceTree = "<group>";
		};
		B796FD7C232D46290024BB06 /* Demo */ = {
			isa = PBXGroup;
			children = (
				B796FD7D232D46290024BB06 /* AppDelegate.swift */,
				B796FD7F232D46290024BB06 /* ViewController.swift */,
				B796FD81232D46290024BB06 /* Main.storyboard */,
				B796FD84232D462A0024BB06 /* Assets.xcassets */,
				B796FD86232D462A0024BB06 /* LaunchScreen.storyboard */,
				B796FD89232D462A0024BB06 /* Info.plist */,
			);
			path = Demo;
			sourceTree = "<group>";
		};
		B796FD97232D48120024BB06 /* Sources */ = {
			isa = PBXGroup;
			children = (
				B796FD9F232D48D50024BB06 /* Info.plist */,
				B796FDA0232D48D50024BB06 /* NetworkDebuggingTool.h */,
				B796FD9E232D48D50024BB06 /* NetworkDebugSchema.swift */,
				B7E6FA0B232D5DDE00450254 /* NetworkDebugMenuDataSource.swift */,
				B7E6FA0C232D5DDE00450254 /* NetworkDebugMenuViewController.swift */,
			);
			name = Sources;
			sourceTree = "<group>";
		};
/* End PBXGroup section */

/* Begin PBXNativeTarget section */
		B796FD79232D46290024BB06 /* Demo */ = {
			isa = PBXNativeTarget;
			buildConfigurationList = B796FD8C232D462A0024BB06 /* Build configuration list for PBXNativeTarget "Demo" */;
			buildPhases = (
				B796FD76232D46290024BB06 /* Sources */,
				B796FD77232D46290024BB06 /* Frameworks */,
				B796FD78232D46290024BB06 /* Resources */,
			);
			buildRules = (
			);
			dependencies = (
			);
			name = Demo;
			productName = Demo;
			productReference = B796FD7A232D46290024BB06 /* Demo.app */;
			productType = "com.apple.product-type.application";
		};
/* End PBXNativeTarget section */

/* Begin PBXProject section */
		B796FD72232D46290024BB06 /* Project object */ = {
			isa = PBXProject;
			attributes = {
				LastSwiftUpdateCheck = 1030;
				LastUpgradeCheck = 1030;
				ORGANIZATIONNAME = tomoki_sun;
				TargetAttributes = {
					B796FD79232D46290024BB06 = {
						CreatedOnToolsVersion = 10.3;
					};
				};
			};
			buildConfigurationList = B796FD75232D46290024BB06 /* Build configuration list for PBXProject "Demo" */;
			compatibilityVersion = "Xcode 9.3";
			developmentRegion = en;
			hasScannedForEncodings = 0;
			knownRegions = (
				en,
				Base,
			);
			mainGroup = B796FD71232D46290024BB06;
			productRefGroup = B796FD7B232D46290024BB06 /* Products */;
			projectDirPath = "";
			projectRoot = "";
			targets = (
				B796FD79232D46290024BB06 /* Demo */,
			);
		};
/* End PBXProject section */

/* Begin PBXResourcesBuildPhase section */
		B796FD78232D46290024BB06 /* Resources */ = {
			isa = PBXResourcesBuildPhase;
			buildActionMask = 2147483647;
			files = (
				B796FDA2232D48D50024BB06 /* Info.plist in Resources */,
				B796FD88232D462A0024BB06 /* LaunchScreen.storyboard in Resources */,
				B796FD85232D462A0024BB06 /* Assets.xcassets in Resources */,
				B796FD83232D46290024BB06 /* Main.storyboard in Resources */,
			);
			runOnlyForDeploymentPostprocessing = 0;
		};
/* End PBXResourcesBuildPhase section */

/* Begin PBXSourcesBuildPhase section */
		B796FD76232D46290024BB06 /* Sources */ = {
			isa = PBXSourcesBuildPhase;
			buildActionMask = 2147483647;
			files = (
				B7E6FA0D232D5DDE00450254 /* NetworkDebugMenuDataSource.swift in Sources */,
				B796FDA1232D48D50024BB06 /* NetworkDebugSchema.swift in Sources */,
				B7E6FA0E232D5DDE00450254 /* NetworkDebugMenuViewController.swift in Sources */,
				B796FD80232D46290024BB06 /* ViewController.swift in Sources */,
				B796FD7E232D46290024BB06 /* AppDelegate.swift in Sources */,
			);
			runOnlyForDeploymentPostprocessing = 0;
		};
/* End PBXSourcesBuildPhase section */

/* Begin PBXVariantGroup section */
		B796FD81232D46290024BB06 /* Main.storyboard */ = {
			isa = PBXVariantGroup;
			children = (
				B796FD82232D46290024BB06 /* Base */,
			);
			name = Main.storyboard;
			sourceTree = "<group>";
		};
		B796FD86232D462A0024BB06 /* LaunchScreen.storyboard */ = {
			isa = PBXVariantGroup;
			children = (
				B796FD87232D462A0024BB06 /* Base */,
			);
			name = LaunchScreen.storyboard;
			sourceTree = "<group>";
		};
/* End PBXVariantGroup section */

/* Begin XCBuildConfiguration section */
		B796FD8A232D462A0024BB06 /* Debug */ = {
			isa = XCBuildConfiguration;
			buildSettings = {
				ALWAYS_SEARCH_USER_PATHS = NO;
				CLANG_ANALYZER_NONNULL = YES;
				CLANG_ANALYZER_NUMBER_OBJECT_CONVERSION = YES_AGGRESSIVE;
				CLANG_CXX_LANGUAGE_STANDARD = "gnu++14";
				CLANG_CXX_LIBRARY = "libc++";
				CLANG_ENABLE_MODULES = YES;
				CLANG_ENABLE_OBJC_ARC = YES;
				CLANG_ENABLE_OBJC_WEAK = YES;
				CLANG_WARN_BLOCK_CAPTURE_AUTORELEASING = YES;
				CLANG_WARN_BOOL_CONVERSION = YES;
				CLANG_WARN_COMMA = YES;
				CLANG_WARN_CONSTANT_CONVERSION = YES;
				CLANG_WARN_DEPRECATED_OBJC_IMPLEMENTATIONS = YES;
				CLANG_WARN_DIRECT_OBJC_ISA_USAGE = YES_ERROR;
				CLANG_WARN_DOCUMENTATION_COMMENTS = YES;
				CLANG_WARN_EMPTY_BODY = YES;
				CLANG_WARN_ENUM_CONVERSION = YES;
				CLANG_WARN_INFINITE_RECURSION = YES;
				CLANG_WARN_INT_CONVERSION = YES;
				CLANG_WARN_NON_LITERAL_NULL_CONVERSION = YES;
				CLANG_WARN_OBJC_IMPLICIT_RETAIN_SELF = YES;
				CLANG_WARN_OBJC_LITERAL_CONVERSION = YES;
				CLANG_WARN_OBJC_ROOT_CLASS = YES_ERROR;
				CLANG_WARN_RANGE_LOOP_ANALYSIS = YES;
				CLANG_WARN_STRICT_PROTOTYPES = YES;
				CLANG_WARN_SUSPICIOUS_MOVE = YES;
				CLANG_WARN_UNGUARDED_AVAILABILITY = YES_AGGRESSIVE;
				CLANG_WARN_UNREACHABLE_CODE = YES;
				CLANG_WARN__DUPLICATE_METHOD_MATCH = YES;
				CODE_SIGN_IDENTITY = "iPhone Developer";
				COPY_PHASE_STRIP = NO;
				DEBUG_INFORMATION_FORMAT = dwarf;
				ENABLE_STRICT_OBJC_MSGSEND = YES;
				ENABLE_TESTABILITY = YES;
				GCC_C_LANGUAGE_STANDARD = gnu11;
				GCC_DYNAMIC_NO_PIC = NO;
				GCC_NO_COMMON_BLOCKS = YES;
				GCC_OPTIMIZATION_LEVEL = 0;
				GCC_PREPROCESSOR_DEFINITIONS = (
					"DEBUG=1",
					"$(inherited)",
				);
				GCC_WARN_64_TO_32_BIT_CONVERSION = YES;
				GCC_WARN_ABOUT_RETURN_TYPE = YES_ERROR;
				GCC_WARN_UNDECLARED_SELECTOR = YES;
				GCC_WARN_UNINITIALIZED_AUTOS = YES_AGGRESSIVE;
				GCC_WARN_UNUSED_FUNCTION = YES;
				GCC_WARN_UNUSED_VARIABLE = YES;
				IPHONEOS_DEPLOYMENT_TARGET = 12.4;
				MTL_ENABLE_DEBUG_INFO = INCLUDE_SOURCE;
				MTL_FAST_MATH = YES;
				ONLY_ACTIVE_ARCH = YES;
				SDKROOT = iphoneos;
				SWIFT_ACTIVE_COMPILATION_CONDITIONS = DEBUG;
				SWIFT_OPTIMIZATION_LEVEL = "-Onone";
			};
			name = Debug;
		};
		B796FD8B232D462A0024BB06 /* Release */ = {
			isa = XCBuildConfiguration;
			buildSettings = {
				ALWAYS_SEARCH_USER_PATHS = NO;
				CLANG_ANALYZER_NONNULL = YES;
				CLANG_ANALYZER_NUMBER_OBJECT_CONVERSION = YES_AGGRESSIVE;
				CLANG_CXX_LANGUAGE_STANDARD = "gnu++14";
				CLANG_CXX_LIBRARY = "libc++";
				CLANG_ENABLE_MODULES = YES;
				CLANG_ENABLE_OBJC_ARC = YES;
				CLANG_ENABLE_OBJC_WEAK = YES;
				CLANG_WARN_BLOCK_CAPTURE_AUTORELEASING = YES;
				CLANG_WARN_BOOL_CONVERSION = YES;
				CLANG_WARN_COMMA = YES;
				CLANG_WARN_CONSTANT_CONVERSION = YES;
				CLANG_WARN_DEPRECATED_OBJC_IMPLEMENTATIONS = YES;
				CLANG_WARN_DIRECT_OBJC_ISA_USAGE = YES_ERROR;
				CLANG_WARN_DOCUMENTATION_COMMENTS = YES;
				CLANG_WARN_EMPTY_BODY = YES;
				CLANG_WARN_ENUM_CONVERSION = YES;
				CLANG_WARN_INFINITE_RECURSION = YES;
				CLANG_WARN_INT_CONVERSION = YES;
				CLANG_WARN_NON_LITERAL_NULL_CONVERSION = YES;
				CLANG_WARN_OBJC_IMPLICIT_RETAIN_SELF = YES;
				CLANG_WARN_OBJC_LITERAL_CONVERSION = YES;
				CLANG_WARN_OBJC_ROOT_CLASS = YES_ERROR;
				CLANG_WARN_RANGE_LOOP_ANALYSIS = YES;
				CLANG_WARN_STRICT_PROTOTYPES = YES;
				CLANG_WARN_SUSPICIOUS_MOVE = YES;
				CLANG_WARN_UNGUARDED_AVAILABILITY = YES_AGGRESSIVE;
				CLANG_WARN_UNREACHABLE_CODE = YES;
				CLANG_WARN__DUPLICATE_METHOD_MATCH = YES;
				CODE_SIGN_IDENTITY = "iPhone Developer";
				COPY_PHASE_STRIP = NO;
				DEBUG_INFORMATION_FORMAT = "dwarf-with-dsym";
				ENABLE_NS_ASSERTIONS = NO;
				ENABLE_STRICT_OBJC_MSGSEND = YES;
				GCC_C_LANGUAGE_STANDARD = gnu11;
				GCC_NO_COMMON_BLOCKS = YES;
				GCC_WARN_64_TO_32_BIT_CONVERSION = YES;
				GCC_WARN_ABOUT_RETURN_TYPE = YES_ERROR;
				GCC_WARN_UNDECLARED_SELECTOR = YES;
				GCC_WARN_UNINITIALIZED_AUTOS = YES_AGGRESSIVE;
				GCC_WARN_UNUSED_FUNCTION = YES;
				GCC_WARN_UNUSED_VARIABLE = YES;
				IPHONEOS_DEPLOYMENT_TARGET = 12.4;
				MTL_ENABLE_DEBUG_INFO = NO;
				MTL_FAST_MATH = YES;
				SDKROOT = iphoneos;
				SWIFT_COMPILATION_MODE = wholemodule;
				SWIFT_OPTIMIZATION_LEVEL = "-O";
				VALIDATE_PRODUCT = YES;
			};
			name = Release;
		};
		B796FD8D232D462A0024BB06 /* Debug */ = {
			isa = XCBuildConfiguration;
			buildSettings = {
				ASSETCATALOG_COMPILER_APPICON_NAME = AppIcon;
				CODE_SIGN_STYLE = Manual;
				DEVELOPMENT_TEAM = "";
				INFOPLIST_FILE = Demo/Info.plist;
				LD_RUNPATH_SEARCH_PATHS = (
					"$(inherited)",
					"@executable_path/Frameworks",
				);
				PRODUCT_BUNDLE_IDENTIFIER = com.github.tomoki69386.Demo;
				PRODUCT_NAME = "$(TARGET_NAME)";
				PROVISIONING_PROFILE_SPECIFIER = "";
				SWIFT_VERSION = 5.0;
				TARGETED_DEVICE_FAMILY = "1,2";
			};
			name = Debug;
		};
		B796FD8E232D462A0024BB06 /* Release */ = {
			isa = XCBuildConfiguration;
			buildSettings = {
				ASSETCATALOG_COMPILER_APPICON_NAME = AppIcon;
				CODE_SIGN_STYLE = Manual;
				DEVELOPMENT_TEAM = "";
				INFOPLIST_FILE = Demo/Info.plist;
				LD_RUNPATH_SEARCH_PATHS = (
					"$(inherited)",
					"@executable_path/Frameworks",
				);
				PRODUCT_BUNDLE_IDENTIFIER = com.github.tomoki69386.Demo;
				PRODUCT_NAME = "$(TARGET_NAME)";
				PROVISIONING_PROFILE_SPECIFIER = "";
				SWIFT_VERSION = 5.0;
				TARGETED_DEVICE_FAMILY = "1,2";
			};
			name = Release;
		};
/* End XCBuildConfiguration section */

/* Begin XCConfigurationList section */
		B796FD75232D46290024BB06 /* Build configuration list for PBXProject "Demo" */ = {
			isa = XCConfigurationList;
			buildConfigurations = (
				B796FD8A232D462A0024BB06 /* Debug */,
				B796FD8B232D462A0024BB06 /* Release */,
			);
			defaultConfigurationIsVisible = 0;
			defaultConfigurationName = Release;
		};
		B796FD8C232D462A0024BB06 /* Build configuration list for PBXNativeTarget "Demo" */ = {
			isa = XCConfigurationList;
			buildConfigurations = (
				B796FD8D232D462A0024BB06 /* Debug */,
				B796FD8E232D462A0024BB06 /* Release */,
			);
			defaultConfigurationIsVisible = 0;
			defaultConfigurationName = Release;
		};
/* End XCConfigurationList section */
	};
	rootObject = B796FD72232D46290024BB06 /* Project object */;
}
